// !$*UTF8*$!
{
	archiveVersion = 1;
	classes = {
	};
	objectVersion = 46;
	objects = {

/* Begin PBXBuildFile section */
		DC7C58B11B8140F800C119FB /* main.m in Sources */ = {isa = PBXBuildFile; fileRef = DC7C58B01B8140F800C119FB /* main.m */; };
		DC7C58B41B8140F800C119FB /* AppDelegate.m in Sources */ = {isa = PBXBuildFile; fileRef = DC7C58B31B8140F800C119FB /* AppDelegate.m */; };
		DC7C58BA1B8140F800C119FB /* Main.storyboard in Resources */ = {isa = PBXBuildFile; fileRef = DC7C58B81B8140F800C119FB /* Main.storyboard */; };
		DC7C58BC1B8140F800C119FB /* Images.xcassets in Resources */ = {isa = PBXBuildFile; fileRef = DC7C58BB1B8140F800C119FB /* Images.xcassets */; };
		DC7C58BF1B8140F800C119FB /* LaunchScreen.xib in Resources */ = {isa = PBXBuildFile; fileRef = DC7C58BD1B8140F800C119FB /* LaunchScreen.xib */; };
		DC7C58CB1B8140F800C119FB /* ColorPalettesTests.m in Sources */ = {isa = PBXBuildFile; fileRef = DC7C58CA1B8140F800C119FB /* ColorPalettesTests.m */; };
		DC7C58D61B8141E600C119FB /* PaletteTableViewController.m in Sources */ = {isa = PBXBuildFile; fileRef = DC7C58D51B8141E600C119FB /* PaletteTableViewController.m */; };
		DC7C58D91B8141F600C119FB /* PaletteDetailViewController.m in Sources */ = {isa = PBXBuildFile; fileRef = DC7C58D81B8141F600C119FB /* PaletteDetailViewController.m */; };
/* End PBXBuildFile section */

/* Begin PBXContainerItemProxy section */
		DC7C58C51B8140F800C119FB /* PBXContainerItemProxy */ = {
			isa = PBXContainerItemProxy;
			containerPortal = DC7C58A31B8140F700C119FB /* Project object */;
			proxyType = 1;
			remoteGlobalIDString = DC7C58AA1B8140F700C119FB;
			remoteInfo = ColorPalettes;
		};
/* End PBXContainerItemProxy section */

/* Begin PBXFileReference section */
		DC7C58AB1B8140F700C119FB /* ColorPalettes.app */ = {isa = PBXFileReference; explicitFileType = wrapper.application; includeInIndex = 0; path = ColorPalettes.app; sourceTree = BUILT_PRODUCTS_DIR; };
		DC7C58AF1B8140F800C119FB /* Info.plist */ = {isa = PBXFileReference; lastKnownFileType = text.plist.xml; path = Info.plist; sourceTree = "<group>"; };
		DC7C58B01B8140F800C119FB /* main.m */ = {isa = PBXFileReference; lastKnownFileType = sourcecode.c.objc; path = main.m; sourceTree = "<group>"; };
		DC7C58B21B8140F800C119FB /* AppDelegate.h */ = {isa = PBXFileReference; lastKnownFileType = sourcecode.c.h; path = AppDelegate.h; sourceTree = "<group>"; };
		DC7C58B31B8140F800C119FB /* AppDelegate.m */ = {isa = PBXFileReference; lastKnownFileType = sourcecode.c.objc; path = AppDelegate.m; sourceTree = "<group>"; };
		DC7C58B91B8140F800C119FB /* Base */ = {isa = PBXFileReference; lastKnownFileType = file.storyboard; name = Base; path = Base.lproj/Main.storyboard; sourceTree = "<group>"; };
		DC7C58BB1B8140F800C119FB /* Images.xcassets */ = {isa = PBXFileReference; lastKnownFileType = folder.assetcatalog; path = Images.xcassets; sourceTree = "<group>"; };
		DC7C58BE1B8140F800C119FB /* Base */ = {isa = PBXFileReference; lastKnownFileType = file.xib; name = Base; path = Base.lproj/LaunchScreen.xib; sourceTree = "<group>"; };
		DC7C58C41B8140F800C119FB /* ColorPalettesTests.xctest */ = {isa = PBXFileReference; explicitFileType = wrapper.cfbundle; includeInIndex = 0; path = ColorPalettesTests.xctest; sourceTree = BUILT_PRODUCTS_DIR; };
		DC7C58C91B8140F800C119FB /* Info.plist */ = {isa = PBXFileReference; lastKnownFileType = text.plist.xml; path = Info.plist; sourceTree = "<group>"; };
		DC7C58CA1B8140F800C119FB /* ColorPalettesTests.m */ = {isa = PBXFileReference; lastKnownFileType = sourcecode.c.objc; path = ColorPalettesTests.m; sourceTree = "<group>"; };
		DC7C58D41B8141E600C119FB /* PaletteTableViewController.h */ = {isa = PBXFileReference; fileEncoding = 4; lastKnownFileType = sourcecode.c.h; path = PaletteTableViewController.h; sourceTree = "<group>"; };
		DC7C58D51B8141E600C119FB /* PaletteTableViewController.m */ = {isa = PBXFileReference; fileEncoding = 4; lastKnownFileType = sourcecode.c.objc; path = PaletteTableViewController.m; sourceTree = "<group>"; };
		DC7C58D71B8141F600C119FB /* PaletteDetailViewController.h */ = {isa = PBXFileReference; fileEncoding = 4; lastKnownFileType = sourcecode.c.h; path = PaletteDetailViewController.h; sourceTree = "<group>"; };
		DC7C58D81B8141F600C119FB /* PaletteDetailViewController.m */ = {isa = PBXFileReference; fileEncoding = 4; lastKnownFileType = sourcecode.c.objc; path = PaletteDetailViewController.m; sourceTree = "<group>"; };
/* End PBXFileReference section */

/* Begin PBXFrameworksBuildPhase section */
		DC7C58A81B8140F700C119FB /* Frameworks */ = {
			isa = PBXFrameworksBuildPhase;
			buildActionMask = 2147483647;
			files = (
			);
			runOnlyForDeploymentPostprocessing = 0;
		};
		DC7C58C11B8140F800C119FB /* Frameworks */ = {
			isa = PBXFrameworksBuildPhase;
			buildActionMask = 2147483647;
			files = (
			);
			runOnlyForDeploymentPostprocessing = 0;
		};
/* End PBXFrameworksBuildPhase section */

/* Begin PBXGroup section */
		DC7C58A21B8140F700C119FB = {
			isa = PBXGroup;
			children = (
				DC7C58AD1B8140F700C119FB /* ColorPalettes */,
				DC7C58C71B8140F800C119FB /* ColorPalettesTests */,
				DC7C58AC1B8140F700C119FB /* Products */,
			);
			sourceTree = "<group>";
		};
		DC7C58AC1B8140F700C119FB /* Products */ = {
			isa = PBXGroup;
			children = (
				DC7C58AB1B8140F700C119FB /* ColorPalettes.app */,
				DC7C58C41B8140F800C119FB /* ColorPalettesTests.xctest */,
			);
			name = Products;
			sourceTree = "<group>";
		};
		DC7C58AD1B8140F700C119FB /* ColorPalettes */ = {
			isa = PBXGroup;
			children = (
				DC7C58B21B8140F800C119FB /* AppDelegate.h */,
				DC7C58B31B8140F800C119FB /* AppDelegate.m */,
				DC7C58D41B8141E600C119FB /* PaletteTableViewController.h */,
				DC7C58D51B8141E600C119FB /* PaletteTableViewController.m */,
				DC7C58D71B8141F600C119FB /* PaletteDetailViewController.h */,
				DC7C58D81B8141F600C119FB /* PaletteDetailViewController.m */,
				DC7C58B81B8140F800C119FB /* Main.storyboard */,
				DC7C58BB1B8140F800C119FB /* Images.xcassets */,
				DC7C58BD1B8140F800C119FB /* LaunchScreen.xib */,
				DC7C58AE1B8140F700C119FB /* Supporting Files */,
			);
			path = ColorPalettes;
			sourceTree = "<group>";
		};
		DC7C58AE1B8140F700C119FB /* Supporting Files */ = {
			isa = PBXGroup;
			children = (
				DC7C58AF1B8140F800C119FB /* Info.plist */,
				DC7C58B01B8140F800C119FB /* main.m */,
			);
			name = "Supporting Files";
			sourceTree = "<group>";
		};
		DC7C58C71B8140F800C119FB /* ColorPalettesTests */ = {
			isa = PBXGroup;
			children = (
				DC7C58CA1B8140F800C119FB /* ColorPalettesTests.m */,
				DC7C58C81B8140F800C119FB /* Supporting Files */,
			);
			path = ColorPalettesTests;
			sourceTree = "<group>";
		};
		DC7C58C81B8140F800C119FB /* Supporting Files */ = {
			isa = PBXGroup;
			children = (
				DC7C58C91B8140F800C119FB /* Info.plist */,
			);
			name = "Supporting Files";
			sourceTree = "<group>";
		};
/* End PBXGroup section */

/* Begin PBXNativeTarget section */
		DC7C58AA1B8140F700C119FB /* ColorPalettes */ = {
			isa = PBXNativeTarget;
			buildConfigurationList = DC7C58CE1B8140F800C119FB /* Build configuration list for PBXNativeTarget "ColorPalettes" */;
			buildPhases = (
				DC7C58A71B8140F700C119FB /* Sources */,
				DC7C58A81B8140F700C119FB /* Frameworks */,
				DC7C58A91B8140F700C119FB /* Resources */,
			);
			buildRules = (
			);
			dependencies = (
			);
			name = ColorPalettes;
			productName = ColorPalettes;
			productReference = DC7C58AB1B8140F700C119FB /* ColorPalettes.app */;
			productType = "com.apple.product-type.application";
		};
		DC7C58C31B8140F800C119FB /* ColorPalettesTests */ = {
			isa = PBXNativeTarget;
			buildConfigurationList = DC7C58D11B8140F800C119FB /* Build configuration list for PBXNativeTarget "ColorPalettesTests" */;
			buildPhases = (
				DC7C58C01B8140F800C119FB /* Sources */,
				DC7C58C11B8140F800C119FB /* Frameworks */,
				DC7C58C21B8140F800C119FB /* Resources */,
			);
			buildRules = (
			);
			dependencies = (
				DC7C58C61B8140F800C119FB /* PBXTargetDependency */,
			);
			name = ColorPalettesTests;
			productName = ColorPalettesTests;
			productReference = DC7C58C41B8140F800C119FB /* ColorPalettesTests.xctest */;
			productType = "com.apple.product-type.bundle.unit-test";
		};
/* End PBXNativeTarget section */

/* Begin PBXProject section */
		DC7C58A31B8140F700C119FB /* Project object */ = {
			isa = PBXProject;
			attributes = {
				LastUpgradeCheck = 0640;
				ORGANIZATIONNAME = "Brian Broom";
				TargetAttributes = {
					DC7C58AA1B8140F700C119FB = {
						CreatedOnToolsVersion = 6.4;
					};
					DC7C58C31B8140F800C119FB = {
						CreatedOnToolsVersion = 6.4;
						TestTargetID = DC7C58AA1B8140F700C119FB;
					};
				};
			};
			buildConfigurationList = DC7C58A61B8140F700C119FB /* Build configuration list for PBXProject "ColorPalettes" */;
			compatibilityVersion = "Xcode 3.2";
			developmentRegion = English;
			hasScannedForEncodings = 0;
			knownRegions = (
				en,
				Base,
			);
			mainGroup = DC7C58A21B8140F700C119FB;
			productRefGroup = DC7C58AC1B8140F700C119FB /* Products */;
			projectDirPath = "";
			projectRoot = "";
			targets = (
				DC7C58AA1B8140F700C119FB /* ColorPalettes */,
				DC7C58C31B8140F800C119FB /* ColorPalettesTests */,
			);
		};
/* End PBXProject section */

/* Begin PBXResourcesBuildPhase section */
		DC7C58A91B8140F700C119FB /* Resources */ = {
			isa = PBXResourcesBuildPhase;
			buildActionMask = 2147483647;
			files = (
				DC7C58BA1B8140F800C119FB /* Main.storyboard in Resources */,
				DC7C58BF1B8140F800C119FB /* LaunchScreen.xib in Resources */,
				DC7C58BC1B8140F800C119FB /* Images.xcassets in Resources */,
			);
			runOnlyForDeploymentPostprocessing = 0;
		};
		DC7C58C21B8140F800C119FB /* Resources */ = {
			isa = PBXResourcesBuildPhase;
			buildActionMask = 2147483647;
			files = (
			);
			runOnlyForDeploymentPostprocessing = 0;
		};
/* End PBXResourcesBuildPhase section */

/* Begin PBXSourcesBuildPhase section */
		DC7C58A71B8140F700C119FB /* Sources */ = {
			isa = PBXSourcesBuildPhase;
			buildActionMask = 2147483647;
			files = (
				DC7C58B41B8140F800C119FB /* AppDelegate.m in Sources */,
				DC7C58D91B8141F600C119FB /* PaletteDetailViewController.m in Sources */,
				DC7C58D61B8141E600C119FB /* PaletteTableViewController.m in Sources */,
				DC7C58B11B8140F800C119FB /* main.m in Sources */,
			);
			runOnlyForDeploymentPostprocessing = 0;
		};
		DC7C58C01B8140F800C119FB /* Sources */ = {
			isa = PBXSourcesBuildPhase;
			buildActionMask = 2147483647;
			files = (
				DC7C58CB1B8140F800C119FB /* ColorPalettesTests.m in Sources */,
			);
			runOnlyForDeploymentPostprocessing = 0;
		};
/* End PBXSourcesBuildPhase section */

/* Begin PBXTargetDependency section */
		DC7C58C61B8140F800C119FB /* PBXTargetDependency */ = {
			isa = PBXTargetDependency;
			target = DC7C58AA1B8140F700C119FB /* ColorPalettes */;
			targetProxy = DC7C58C51B8140F800C119FB /* PBXContainerItemProxy */;
		};
/* End PBXTargetDependency section */

/* Begin PBXVariantGroup section */
		DC7C58B81B8140F800C119FB /* Main.storyboard */ = {
			isa = PBXVariantGroup;
			children = (
				DC7C58B91B8140F800C119FB /* Base */,
			);
			name = Main.storyboard;
			sourceTree = "<group>";
		};
		DC7C58BD1B8140F800C119FB /* LaunchScreen.xib */ = {
			isa = PBXVariantGroup;
			children = (
				DC7C58BE1B8140F800C119FB /* Base */,
			);
			name = LaunchScreen.xib;
			sourceTree = "<group>";
		};
/* End PBXVariantGroup section */

/* Begin XCBuildConfiguration section */
		DC7C58CC1B8140F800C119FB /* Debug */ = {
			isa = XCBuildConfiguration;
			buildSettings = {
				ALWAYS_SEARCH_USER_PATHS = NO;
				CLANG_CXX_LANGUAGE_STANDARD = "gnu++0x";
				CLANG_CXX_LIBRARY = "libc++";
				CLANG_ENABLE_MODULES = YES;
				CLANG_ENABLE_OBJC_ARC = YES;
				CLANG_WARN_BOOL_CONVERSION = YES;
				CLANG_WARN_CONSTANT_CONVERSION = YES;
				CLANG_WARN_DIRECT_OBJC_ISA_USAGE = YES_ERROR;
				CLANG_WARN_EMPTY_BODY = YES;
				CLANG_WARN_ENUM_CONVERSION = YES;
				CLANG_WARN_INT_CONVERSION = YES;
				CLANG_WARN_OBJC_ROOT_CLASS = YES_ERROR;
				CLANG_WARN_UNREACHABLE_CODE = YES;
				CLANG_WARN__DUPLICATE_METHOD_MATCH = YES;
				"CODE_SIGN_IDENTITY[sdk=iphoneos*]" = "iPhone Developer";
				COPY_PHASE_STRIP = NO;
				DEBUG_INFORMATION_FORMAT = "dwarf-with-dsym";
				ENABLE_STRICT_OBJC_MSGSEND = YES;
				GCC_C_LANGUAGE_STANDARD = gnu99;
				GCC_DYNAMIC_NO_PIC = NO;
				GCC_NO_COMMON_BLOCKS = YES;
				GCC_OPTIMIZATION_LEVEL = 0;
				GCC_PREPROCESSOR_DEFINITIONS = (
					"DEBUG=1",
					"$(inherited)",
				);
				GCC_SYMBOLS_PRIVATE_EXTERN = NO;
				GCC_WARN_64_TO_32_BIT_CONVERSION = YES;
				GCC_WARN_ABOUT_RETURN_TYPE = YES_ERROR;
				GCC_WARN_UNDECLARED_SELECTOR = YES;
				GCC_WARN_UNINITIALIZED_AUTOS = YES_AGGRESSIVE;
				GCC_WARN_UNUSED_FUNCTION = YES;
				GCC_WARN_UNUSED_VARIABLE = YES;
				IPHONEOS_DEPLOYMENT_TARGET = 8.4;
				MTL_ENABLE_DEBUG_INFO = YES;
				ONLY_ACTIVE_ARCH = YES;
				SDKROOT = iphoneos;
			};
			name = Debug;
		};
		DC7C58CD1B8140F800C119FB /* Release */ = {
			isa = XCBuildConfiguration;
			buildSettings = {
				ALWAYS_SEARCH_USER_PATHS = NO;
				CLANG_CXX_LANGUAGE_STANDARD = "gnu++0x";
				CLANG_CXX_LIBRARY = "libc++";
				CLANG_ENABLE_MODULES = YES;
				CLANG_ENABLE_OBJC_ARC = YES;
				CLANG_WARN_BOOL_CONVERSION = YES;
				CLANG_WARN_CONSTANT_CONVERSION = YES;
				CLANG_WARN_DIRECT_OBJC_ISA_USAGE = YES_ERROR;
				CLANG_WARN_EMPTY_BODY = YES;
				CLANG_WARN_ENUM_CONVERSION = YES;
				CLANG_WARN_INT_CONVERSION = YES;
				CLANG_WARN_OBJC_ROOT_CLASS = YES_ERROR;
				CLANG_WARN_UNREACHABLE_CODE = YES;
				CLANG_WARN__DUPLICATE_METHOD_MATCH = YES;
				"CODE_SIGN_IDENTITY[sdk=iphoneos*]" = "iPhone Developer";
				COPY_PHASE_STRIP = NO;
				DEBUG_INFORMATION_FORMAT = "dwarf-with-dsym";
				ENABLE_NS_ASSERTIONS = NO;
				ENABLE_STRICT_OBJC_MSGSEND = YES;
				GCC_C_LANGUAGE_STANDARD = gnu99;
				GCC_NO_COMMON_BLOCKS = YES;
				GCC_WARN_64_TO_32_BIT_CONVERSION = YES;
				GCC_WARN_ABOUT_RETURN_TYPE = YES_ERROR;
				GCC_WARN_UNDECLARED_SELECTOR = YES;
				GCC_WARN_UNINITIALIZED_AUTOS = YES_AGGRESSIVE;
				GCC_WARN_UNUSED_FUNCTION = YES;
				GCC_WARN_UNUSED_VARIABLE = YES;
				IPHONEOS_DEPLOYMENT_TARGET = 8.4;
				MTL_ENABLE_DEBUG_INFO = NO;
				SDKROOT = iphoneos;
				VALIDATE_PRODUCT = YES;
			};
			name = Release;
		};
		DC7C58CF1B8140F800C119FB /* Debug */ = {
			isa = XCBuildConfiguration;
			buildSettings = {
				ASSETCATALOG_COMPILER_APPICON_NAME = AppIcon;
				INFOPLIST_FILE = ColorPalettes/Info.plist;
				LD_RUNPATH_SEARCH_PATHS = "$(inherited) @executable_path/Frameworks";
				PRODUCT_NAME = "$(TARGET_NAME)";
			};
			name = Debug;
		};
		DC7C58D01B8140F800C119FB /* Release */ = {
			isa = XCBuildConfiguration;
			buildSettings = {
				ASSETCATALOG_COMPILER_APPICON_NAME = AppIcon;
				INFOPLIST_FILE = ColorPalettes/Info.plist;
				LD_RUNPATH_SEARCH_PATHS = "$(inherited) @executable_path/Frameworks";
				PRODUCT_NAME = "$(TARGET_NAME)";
			};
			name = Release;
		};
		DC7C58D21B8140F800C119FB /* Debug */ = {
			isa = XCBuildConfiguration;
			buildSettings = {
				BUNDLE_LOADER = "$(TEST_HOST)";
				FRAMEWORK_SEARCH_PATHS = (
					"$(SDKROOT)/Developer/Library/Frameworks",
					"$(inherited)",
				);
				GCC_PREPROCESSOR_DEFINITIONS = (
					"DEBUG=1",
					"$(inherited)",
				);
				INFOPLIST_FILE = ColorPalettesTests/Info.plist;
				LD_RUNPATH_SEARCH_PATHS = "$(inherited) @executable_path/Frameworks @loader_path/Frameworks";
				PRODUCT_NAME = "$(TARGET_NAME)";
				TEST_HOST = "$(BUILT_PRODUCTS_DIR)/ColorPalettes.app/ColorPalettes";
			};
			name = Debug;
		};
		DC7C58D31B8140F800C119FB /* Release */ = {
			isa = XCBuildConfiguration;
			buildSettings = {
				BUNDLE_LOADER = "$(TEST_HOST)";
				FRAMEWORK_SEARCH_PATHS = (
					"$(SDKROOT)/Developer/Library/Frameworks",
					"$(inherited)",
				);
				INFOPLIST_FILE = ColorPalettesTests/Info.plist;
				LD_RUNPATH_SEARCH_PATHS = "$(inherited) @executable_path/Frameworks @loader_path/Frameworks";
				PRODUCT_NAME = "$(TARGET_NAME)";
				TEST_HOST = "$(BUILT_PRODUCTS_DIR)/ColorPalettes.app/ColorPalettes";
			};
			name = Release;
		};
/* End XCBuildConfiguration section */

/* Begin XCConfigurationList section */
		DC7C58A61B8140F700C119FB /* Build configuration list for PBXProject "ColorPalettes" */ = {
			isa = XCConfigurationList;
			buildConfigurations = (
				DC7C58CC1B8140F800C119FB /* Debug */,
				DC7C58CD1B8140F800C119FB /* Release */,
			);
			defaultConfigurationIsVisible = 0;
			defaultConfigurationName = Release;
		};
		DC7C58CE1B8140F800C119FB /* Build configuration list for PBXNativeTarget "ColorPalettes" */ = {
			isa = XCConfigurationList;
			buildConfigurations = (
				DC7C58CF1B8140F800C119FB /* Debug */,
				DC7C58D01B8140F800C119FB /* Release */,
			);
			defaultConfigurationIsVisible = 0;
		};
		DC7C58D11B8140F800C119FB /* Build configuration list for PBXNativeTarget "ColorPalettesTests" */ = {
			isa = XCConfigurationList;
			buildConfigurations = (
				DC7C58D21B8140F800C119FB /* Debug */,
				DC7C58D31B8140F800C119FB /* Release */,
			);
			defaultConfigurationIsVisible = 0;
		};
/* End XCConfigurationList section */
	};
	rootObject = DC7C58A31B8140F700C119FB /* Project object */;
}
